// !$*UTF8*$!
{
	archiveVersion = 1;
	classes = {
	};
	objectVersion = 51;
	objects = {

/* Begin PBXBuildFile section */
		458E4DA91841BF13ABFD605B /* Pods_VKNewsFeed.framework in Frameworks */ = {isa = PBXBuildFile; fileRef = B06420D495B03F2309FE07B0 /* Pods_VKNewsFeed.framework */; };
		BF1B2FD5273454A800307A14 /* AppDelegate.swift in Sources */ = {isa = PBXBuildFile; fileRef = BF1B2FD4273454A800307A14 /* AppDelegate.swift */; };
		BF1B2FD7273454A800307A14 /* SceneDelegate.swift in Sources */ = {isa = PBXBuildFile; fileRef = BF1B2FD6273454A800307A14 /* SceneDelegate.swift */; };
		BF1B2FDE273454A900307A14 /* Assets.xcassets in Resources */ = {isa = PBXBuildFile; fileRef = BF1B2FDD273454A900307A14 /* Assets.xcassets */; };
		BF1B2FE1273454A900307A14 /* LaunchScreen.storyboard in Resources */ = {isa = PBXBuildFile; fileRef = BF1B2FDF273454A900307A14 /* LaunchScreen.storyboard */; };
		BF1B2FE9273458FD00307A14 /* AuthService.swift in Sources */ = {isa = PBXBuildFile; fileRef = BF1B2FE8273458FD00307A14 /* AuthService.swift */; };
		BF1B2FEC27345EA300307A14 /* AuthViewController.swift in Sources */ = {isa = PBXBuildFile; fileRef = BF1B2FEB27345EA300307A14 /* AuthViewController.swift */; };
		BF1B2FEE27345F4A00307A14 /* AuthViewController.storyboard in Resources */ = {isa = PBXBuildFile; fileRef = BF1B2FED27345F4A00307A14 /* AuthViewController.storyboard */; };
		BF88C84E27B2EDC200FEA256 /* API settings.swift in Sources */ = {isa = PBXBuildFile; fileRef = BF88C84D27B2EDC200FEA256 /* API settings.swift */; };
		BF88C85027B2EDE400FEA256 /* NetworkServiceBuilder.swift in Sources */ = {isa = PBXBuildFile; fileRef = BF88C84F27B2EDE400FEA256 /* NetworkServiceBuilder.swift */; };
		BFC63204279EFAF500319176 /* NewsfeedPresenter.swift in Sources */ = {isa = PBXBuildFile; fileRef = BFC631FD279EFAF500319176 /* NewsfeedPresenter.swift */; };
		BFC63207279EFAF500319176 /* NewsfeedModels.swift in Sources */ = {isa = PBXBuildFile; fileRef = BFC63200279EFAF500319176 /* NewsfeedModels.swift */; };
		BFC63208279EFAF500319176 /* NewsfeedViewController.swift in Sources */ = {isa = PBXBuildFile; fileRef = BFC63201279EFAF500319176 /* NewsfeedViewController.swift */; };
		BFC63209279EFAF500319176 /* NewsfeedInteractor.swift in Sources */ = {isa = PBXBuildFile; fileRef = BFC63202279EFAF500319176 /* NewsfeedInteractor.swift */; };
		BFC6320C279EFE4500319176 /* NewsfeedViewController.storyboard in Resources */ = {isa = PBXBuildFile; fileRef = BFC6320B279EFE4500319176 /* NewsfeedViewController.storyboard */; };
		BFC63211279F069100319176 /* NewsfeedCell.xib in Resources */ = {isa = PBXBuildFile; fileRef = BFC63210279F069100319176 /* NewsfeedCell.xib */; };
		BFC63213279F166500319176 /* NewsfeedCell.swift in Sources */ = {isa = PBXBuildFile; fileRef = BFC63212279F166500319176 /* NewsfeedCell.swift */; };
		BFC63216279FF33F00319176 /* WebImageView.swift in Sources */ = {isa = PBXBuildFile; fileRef = BFC63215279FF33F00319176 /* WebImageView.swift */; };
		BFC6321827A01A8D00319176 /* NewsfeedCellLayoutCalculator.swift in Sources */ = {isa = PBXBuildFile; fileRef = BFC6321727A01A8D00319176 /* NewsfeedCellLayoutCalculator.swift */; };
		BFC6321A27A031AD00319176 /* String + Height.swift in Sources */ = {isa = PBXBuildFile; fileRef = BFC6321927A031AD00319176 /* String + Height.swift */; };
		BFCE7202279EBB330053BEB1 /* NetworkService.swift in Sources */ = {isa = PBXBuildFile; fileRef = BFCE7201279EBB330053BEB1 /* NetworkService.swift */; };
		BFCE7207279ECC940053BEB1 /* FeedResponse.swift in Sources */ = {isa = PBXBuildFile; fileRef = BFCE7206279ECC940053BEB1 /* FeedResponse.swift */; };
		BFCE7209279ECF4A0053BEB1 /* NetworkDataFetcher.swift in Sources */ = {isa = PBXBuildFile; fileRef = BFCE7208279ECF4A0053BEB1 /* NetworkDataFetcher.swift */; };
/* End PBXBuildFile section */

/* Begin PBXFileReference section */
		44EDF9ACA43EBC58AE683A76 /* Pods-VKNewsFeed.release.xcconfig */ = {isa = PBXFileReference; includeInIndex = 1; lastKnownFileType = text.xcconfig; name = "Pods-VKNewsFeed.release.xcconfig"; path = "Target Support Files/Pods-VKNewsFeed/Pods-VKNewsFeed.release.xcconfig"; sourceTree = "<group>"; };
		B06420D495B03F2309FE07B0 /* Pods_VKNewsFeed.framework */ = {isa = PBXFileReference; explicitFileType = wrapper.framework; includeInIndex = 0; path = Pods_VKNewsFeed.framework; sourceTree = BUILT_PRODUCTS_DIR; };
		B9F93B0A346415FE081488DA /* Pods-VKNewsFeed.debug.xcconfig */ = {isa = PBXFileReference; includeInIndex = 1; lastKnownFileType = text.xcconfig; name = "Pods-VKNewsFeed.debug.xcconfig"; path = "Target Support Files/Pods-VKNewsFeed/Pods-VKNewsFeed.debug.xcconfig"; sourceTree = "<group>"; };
		BF1B2FD1273454A800307A14 /* VKNewsFeed.app */ = {isa = PBXFileReference; explicitFileType = wrapper.application; includeInIndex = 0; path = VKNewsFeed.app; sourceTree = BUILT_PRODUCTS_DIR; };
		BF1B2FD4273454A800307A14 /* AppDelegate.swift */ = {isa = PBXFileReference; lastKnownFileType = sourcecode.swift; path = AppDelegate.swift; sourceTree = "<group>"; };
		BF1B2FD6273454A800307A14 /* SceneDelegate.swift */ = {isa = PBXFileReference; lastKnownFileType = sourcecode.swift; path = SceneDelegate.swift; sourceTree = "<group>"; };
		BF1B2FDD273454A900307A14 /* Assets.xcassets */ = {isa = PBXFileReference; lastKnownFileType = folder.assetcatalog; path = Assets.xcassets; sourceTree = "<group>"; };
		BF1B2FE0273454A900307A14 /* Base */ = {isa = PBXFileReference; lastKnownFileType = file.storyboard; name = Base; path = Base.lproj/LaunchScreen.storyboard; sourceTree = "<group>"; };
		BF1B2FE2273454A900307A14 /* Info.plist */ = {isa = PBXFileReference; lastKnownFileType = text.plist.xml; path = Info.plist; sourceTree = "<group>"; };
		BF1B2FE8273458FD00307A14 /* AuthService.swift */ = {isa = PBXFileReference; lastKnownFileType = sourcecode.swift; path = AuthService.swift; sourceTree = "<group>"; };
		BF1B2FEB27345EA300307A14 /* AuthViewController.swift */ = {isa = PBXFileReference; lastKnownFileType = sourcecode.swift; path = AuthViewController.swift; sourceTree = "<group>"; };
		BF1B2FED27345F4A00307A14 /* AuthViewController.storyboard */ = {isa = PBXFileReference; lastKnownFileType = file.storyboard; path = AuthViewController.storyboard; sourceTree = "<group>"; };
		BF88C84D27B2EDC200FEA256 /* API settings.swift */ = {isa = PBXFileReference; lastKnownFileType = sourcecode.swift; path = "API settings.swift"; sourceTree = "<group>"; };
		BF88C84F27B2EDE400FEA256 /* NetworkServiceBuilder.swift */ = {isa = PBXFileReference; lastKnownFileType = sourcecode.swift; path = NetworkServiceBuilder.swift; sourceTree = "<group>"; };
		BFC631FD279EFAF500319176 /* NewsfeedPresenter.swift */ = {isa = PBXFileReference; lastKnownFileType = sourcecode.swift; path = NewsfeedPresenter.swift; sourceTree = "<group>"; };
		BFC63200279EFAF500319176 /* NewsfeedModels.swift */ = {isa = PBXFileReference; lastKnownFileType = sourcecode.swift; path = NewsfeedModels.swift; sourceTree = "<group>"; };
		BFC63201279EFAF500319176 /* NewsfeedViewController.swift */ = {isa = PBXFileReference; lastKnownFileType = sourcecode.swift; path = NewsfeedViewController.swift; sourceTree = "<group>"; };
		BFC63202279EFAF500319176 /* NewsfeedInteractor.swift */ = {isa = PBXFileReference; lastKnownFileType = sourcecode.swift; path = NewsfeedInteractor.swift; sourceTree = "<group>"; };
		BFC6320B279EFE4500319176 /* NewsfeedViewController.storyboard */ = {isa = PBXFileReference; lastKnownFileType = file.storyboard; path = NewsfeedViewController.storyboard; sourceTree = "<group>"; };
		BFC63210279F069100319176 /* NewsfeedCell.xib */ = {isa = PBXFileReference; lastKnownFileType = file.xib; path = NewsfeedCell.xib; sourceTree = "<group>"; };
		BFC63212279F166500319176 /* NewsfeedCell.swift */ = {isa = PBXFileReference; lastKnownFileType = sourcecode.swift; path = NewsfeedCell.swift; sourceTree = "<group>"; };
		BFC63215279FF33F00319176 /* WebImageView.swift */ = {isa = PBXFileReference; lastKnownFileType = sourcecode.swift; path = WebImageView.swift; sourceTree = "<group>"; };
		BFC6321727A01A8D00319176 /* NewsfeedCellLayoutCalculator.swift */ = {isa = PBXFileReference; lastKnownFileType = sourcecode.swift; path = NewsfeedCellLayoutCalculator.swift; sourceTree = "<group>"; };
		BFC6321927A031AD00319176 /* String + Height.swift */ = {isa = PBXFileReference; lastKnownFileType = sourcecode.swift; path = "String + Height.swift"; sourceTree = "<group>"; };
		BFCE7201279EBB330053BEB1 /* NetworkService.swift */ = {isa = PBXFileReference; lastKnownFileType = sourcecode.swift; path = NetworkService.swift; sourceTree = "<group>"; };
		BFCE7206279ECC940053BEB1 /* FeedResponse.swift */ = {isa = PBXFileReference; lastKnownFileType = sourcecode.swift; path = FeedResponse.swift; sourceTree = "<group>"; };
		BFCE7208279ECF4A0053BEB1 /* NetworkDataFetcher.swift */ = {isa = PBXFileReference; lastKnownFileType = sourcecode.swift; path = NetworkDataFetcher.swift; sourceTree = "<group>"; };
/* End PBXFileReference section */

/* Begin PBXFrameworksBuildPhase section */
		BF1B2FCE273454A800307A14 /* Frameworks */ = {
			isa = PBXFrameworksBuildPhase;
			buildActionMask = 2147483647;
			files = (
				458E4DA91841BF13ABFD605B /* Pods_VKNewsFeed.framework in Frameworks */,
			);
			runOnlyForDeploymentPostprocessing = 0;
		};
/* End PBXFrameworksBuildPhase section */

/* Begin PBXGroup section */
		599FE04E9346D9C7B1E746EC /* Frameworks */ = {
			isa = PBXGroup;
			children = (
				B06420D495B03F2309FE07B0 /* Pods_VKNewsFeed.framework */,
			);
			name = Frameworks;
			sourceTree = "<group>";
		};
		A9F68DD39D5CC791B2229102 /* Pods */ = {
			isa = PBXGroup;
			children = (
				B9F93B0A346415FE081488DA /* Pods-VKNewsFeed.debug.xcconfig */,
				44EDF9ACA43EBC58AE683A76 /* Pods-VKNewsFeed.release.xcconfig */,
			);
			path = Pods;
			sourceTree = "<group>";
		};
		BF1B2FC8273454A800307A14 = {
			isa = PBXGroup;
			children = (
				BF1B2FD3273454A800307A14 /* VKNewsFeed */,
				BF1B2FD2273454A800307A14 /* Products */,
				A9F68DD39D5CC791B2229102 /* Pods */,
				599FE04E9346D9C7B1E746EC /* Frameworks */,
			);
			sourceTree = "<group>";
		};
		BF1B2FD2273454A800307A14 /* Products */ = {
			isa = PBXGroup;
			children = (
				BF1B2FD1273454A800307A14 /* VKNewsFeed.app */,
			);
			name = Products;
			sourceTree = "<group>";
		};
		BF1B2FD3273454A800307A14 /* VKNewsFeed */ = {
			isa = PBXGroup;
			children = (
				BFC63214279FF31D00319176 /* Helpers */,
				BF1B2FD4273454A800307A14 /* AppDelegate.swift */,
				BF1B2FD6273454A800307A14 /* SceneDelegate.swift */,
				BFC631FC279EFACB00319176 /* Newsfeed */,
				BF1B2FEA2734591700307A14 /* Services */,
				BF1F8081273831150086F4A0 /* AuthViewController */,
				BF1B2FDD273454A900307A14 /* Assets.xcassets */,
				BF1B2FDF273454A900307A14 /* LaunchScreen.storyboard */,
				BF1B2FE2273454A900307A14 /* Info.plist */,
			);
			path = VKNewsFeed;
			sourceTree = "<group>";
		};
		BF1B2FEA2734591700307A14 /* Services */ = {
			isa = PBXGroup;
			children = (
				BFCE7205279ECC7E0053BEB1 /* Models */,
				BF1B2FE8273458FD00307A14 /* AuthService.swift */,
				BF88C84F27B2EDE400FEA256 /* NetworkServiceBuilder.swift */,
				BFCE7201279EBB330053BEB1 /* NetworkService.swift */,
				BFCE7208279ECF4A0053BEB1 /* NetworkDataFetcher.swift */,
			);
			path = Services;
			sourceTree = "<group>";
		};
		BF1F8081273831150086F4A0 /* AuthViewController */ = {
			isa = PBXGroup;
			children = (
				BF1B2FED27345F4A00307A14 /* AuthViewController.storyboard */,
				BF1B2FEB27345EA300307A14 /* AuthViewController.swift */,
			);
			path = AuthViewController;
			sourceTree = "<group>";
		};
		BFC631FC279EFACB00319176 /* Newsfeed */ = {
			isa = PBXGroup;
			children = (
				BFC6320D279F05FB00319176 /* Cell */,
				BFC63201279EFAF500319176 /* NewsfeedViewController.swift */,
				BFC63202279EFAF500319176 /* NewsfeedInteractor.swift */,
				BFC631FD279EFAF500319176 /* NewsfeedPresenter.swift */,
				BFC63200279EFAF500319176 /* NewsfeedModels.swift */,
				BFC6320B279EFE4500319176 /* NewsfeedViewController.storyboard */,
			);
			path = Newsfeed;
			sourceTree = "<group>";
		};
		BFC6320D279F05FB00319176 /* Cell */ = {
			isa = PBXGroup;
			children = (
				BFC63210279F069100319176 /* NewsfeedCell.xib */,
				BFC63212279F166500319176 /* NewsfeedCell.swift */,
				BFC6321727A01A8D00319176 /* NewsfeedCellLayoutCalculator.swift */,
			);
			path = Cell;
			sourceTree = "<group>";
		};
		BFC63214279FF31D00319176 /* Helpers */ = {
			isa = PBXGroup;
			children = (
				BFC63215279FF33F00319176 /* WebImageView.swift */,
				BFC6321927A031AD00319176 /* String + Height.swift */,
			);
			path = Helpers;
			sourceTree = "<group>";
		};
		BFCE7205279ECC7E0053BEB1 /* Models */ = {
			isa = PBXGroup;
			children = (
				BF88C84D27B2EDC200FEA256 /* API settings.swift */,
				BFCE7206279ECC940053BEB1 /* FeedResponse.swift */,
			);
			path = Models;
			sourceTree = "<group>";
		};
/* End PBXGroup section */

/* Begin PBXNativeTarget section */
		BF1B2FD0273454A800307A14 /* VKNewsFeed */ = {
			isa = PBXNativeTarget;
			buildConfigurationList = BF1B2FE5273454A900307A14 /* Build configuration list for PBXNativeTarget "VKNewsFeed" */;
			buildPhases = (
				F9AC560950B3648A6A495FF7 /* [CP] Check Pods Manifest.lock */,
				BF1B2FCD273454A800307A14 /* Sources */,
				BF1B2FCE273454A800307A14 /* Frameworks */,
				BF1B2FCF273454A800307A14 /* Resources */,
				F4FA9F052C10A66628AADC14 /* [CP] Embed Pods Frameworks */,
			);
			buildRules = (
			);
			dependencies = (
			);
			name = VKNewsFeed;
			productName = VKNewsFeed;
			productReference = BF1B2FD1273454A800307A14 /* VKNewsFeed.app */;
			productType = "com.apple.product-type.application";
		};
/* End PBXNativeTarget section */

/* Begin PBXProject section */
		BF1B2FC9273454A800307A14 /* Project object */ = {
			isa = PBXProject;
			attributes = {
				LastSwiftUpdateCheck = 1250;
				LastUpgradeCheck = 1250;
				TargetAttributes = {
					BF1B2FD0273454A800307A14 = {
						CreatedOnToolsVersion = 12.5.1;
					};
				};
			};
			buildConfigurationList = BF1B2FCC273454A800307A14 /* Build configuration list for PBXProject "VKNewsFeed" */;
			compatibilityVersion = "Xcode 9.3";
			developmentRegion = en;
			hasScannedForEncodings = 0;
			knownRegions = (
				en,
				Base,
			);
			mainGroup = BF1B2FC8273454A800307A14;
			productRefGroup = BF1B2FD2273454A800307A14 /* Products */;
			projectDirPath = "";
			projectRoot = "";
			targets = (
				BF1B2FD0273454A800307A14 /* VKNewsFeed */,
			);
		};
/* End PBXProject section */

/* Begin PBXResourcesBuildPhase section */
		BF1B2FCF273454A800307A14 /* Resources */ = {
			isa = PBXResourcesBuildPhase;
			buildActionMask = 2147483647;
			files = (
				BF1B2FE1273454A900307A14 /* LaunchScreen.storyboard in Resources */,
				BF1B2FEE27345F4A00307A14 /* AuthViewController.storyboard in Resources */,
				BFC6320C279EFE4500319176 /* NewsfeedViewController.storyboard in Resources */,
				BF1B2FDE273454A900307A14 /* Assets.xcassets in Resources */,
				BFC63211279F069100319176 /* NewsfeedCell.xib in Resources */,
			);
			runOnlyForDeploymentPostprocessing = 0;
		};
/* End PBXResourcesBuildPhase section */

/* Begin PBXShellScriptBuildPhase section */
		F4FA9F052C10A66628AADC14 /* [CP] Embed Pods Frameworks */ = {
			isa = PBXShellScriptBuildPhase;
			buildActionMask = 2147483647;
			files = (
			);
			inputFileListPaths = (
				"${PODS_ROOT}/Target Support Files/Pods-VKNewsFeed/Pods-VKNewsFeed-frameworks-${CONFIGURATION}-input-files.xcfilelist",
			);
			name = "[CP] Embed Pods Frameworks";
			outputFileListPaths = (
				"${PODS_ROOT}/Target Support Files/Pods-VKNewsFeed/Pods-VKNewsFeed-frameworks-${CONFIGURATION}-output-files.xcfilelist",
			);
			runOnlyForDeploymentPostprocessing = 0;
			shellPath = /bin/sh;
			shellScript = "\"${PODS_ROOT}/Target Support Files/Pods-VKNewsFeed/Pods-VKNewsFeed-frameworks.sh\"\n";
			showEnvVarsInLog = 0;
		};
		F9AC560950B3648A6A495FF7 /* [CP] Check Pods Manifest.lock */ = {
			isa = PBXShellScriptBuildPhase;
			buildActionMask = 2147483647;
			files = (
			);
			inputFileListPaths = (
			);
			inputPaths = (
				"${PODS_PODFILE_DIR_PATH}/Podfile.lock",
				"${PODS_ROOT}/Manifest.lock",
			);
			name = "[CP] Check Pods Manifest.lock";
			outputFileListPaths = (
			);
			outputPaths = (
				"$(DERIVED_FILE_DIR)/Pods-VKNewsFeed-checkManifestLockResult.txt",
			);
			runOnlyForDeploymentPostprocessing = 0;
			shellPath = /bin/sh;
			shellScript = "diff \"${PODS_PODFILE_DIR_PATH}/Podfile.lock\" \"${PODS_ROOT}/Manifest.lock\" > /dev/null\nif [ $? != 0 ] ; then\n    # print error to STDERR\n    echo \"error: The sandbox is not in sync with the Podfile.lock. Run 'pod install' or update your CocoaPods installation.\" >&2\n    exit 1\nfi\n# This output is used by Xcode 'outputs' to avoid re-running this script phase.\necho \"SUCCESS\" > \"${SCRIPT_OUTPUT_FILE_0}\"\n";
			showEnvVarsInLog = 0;
		};
/* End PBXShellScriptBuildPhase section */

/* Begin PBXSourcesBuildPhase section */
		BF1B2FCD273454A800307A14 /* Sources */ = {
			isa = PBXSourcesBuildPhase;
			buildActionMask = 2147483647;
			files = (
				BFCE7207279ECC940053BEB1 /* FeedResponse.swift in Sources */,
				BFC6321A27A031AD00319176 /* String + Height.swift in Sources */,
				BFC63208279EFAF500319176 /* NewsfeedViewController.swift in Sources */,
				BF1B2FD5273454A800307A14 /* AppDelegate.swift in Sources */,
				BF1B2FEC27345EA300307A14 /* AuthViewController.swift in Sources */,
				BFC63204279EFAF500319176 /* NewsfeedPresenter.swift in Sources */,
				BF88C84E27B2EDC200FEA256 /* API settings.swift in Sources */,
				BF1B2FD7273454A800307A14 /* SceneDelegate.swift in Sources */,
				BFCE7202279EBB330053BEB1 /* NetworkService.swift in Sources */,
				BFC63207279EFAF500319176 /* NewsfeedModels.swift in Sources */,
				BFC6321827A01A8D00319176 /* NewsfeedCellLayoutCalculator.swift in Sources */,
				BFC63216279FF33F00319176 /* WebImageView.swift in Sources */,
				BFCE7209279ECF4A0053BEB1 /* NetworkDataFetcher.swift in Sources */,
				BF1B2FE9273458FD00307A14 /* AuthService.swift in Sources */,
				BFC63213279F166500319176 /* NewsfeedCell.swift in Sources */,
				BF88C85027B2EDE400FEA256 /* NetworkServiceBuilder.swift in Sources */,
				BFC63209279EFAF500319176 /* NewsfeedInteractor.swift in Sources */,
			);
			runOnlyForDeploymentPostprocessing = 0;
		};
/* End PBXSourcesBuildPhase section */

/* Begin PBXVariantGroup section */
		BF1B2FDF273454A900307A14 /* LaunchScreen.storyboard */ = {
			isa = PBXVariantGroup;
			children = (
				BF1B2FE0273454A900307A14 /* Base */,
			);
			name = LaunchScreen.storyboard;
			sourceTree = "<group>";
		};
/* End PBXVariantGroup section */

/* Begin XCBuildConfiguration section */
		BF1B2FE3273454A900307A14 /* Debug */ = {
			isa = XCBuildConfiguration;
			buildSettings = {
				ALWAYS_SEARCH_USER_PATHS = NO;
				CLANG_ANALYZER_NONNULL = YES;
				CLANG_ANALYZER_NUMBER_OBJECT_CONVERSION = YES_AGGRESSIVE;
				CLANG_CXX_LANGUAGE_STANDARD = "gnu++14";
				CLANG_CXX_LIBRARY = "libc++";
				CLANG_ENABLE_MODULES = YES;
				CLANG_ENABLE_OBJC_ARC = YES;
				CLANG_ENABLE_OBJC_WEAK = YES;
				CLANG_WARN_BLOCK_CAPTURE_AUTORELEASING = YES;
				CLANG_WARN_BOOL_CONVERSION = YES;
				CLANG_WARN_COMMA = YES;
				CLANG_WARN_CONSTANT_CONVERSION = YES;
				CLANG_WARN_DEPRECATED_OBJC_IMPLEMENTATIONS = YES;
				CLANG_WARN_DIRECT_OBJC_ISA_USAGE = YES_ERROR;
				CLANG_WARN_DOCUMENTATION_COMMENTS = YES;
				CLANG_WARN_EMPTY_BODY = YES;
				CLANG_WARN_ENUM_CONVERSION = YES;
				CLANG_WARN_INFINITE_RECURSION = YES;
				CLANG_WARN_INT_CONVERSION = YES;
				CLANG_WARN_NON_LITERAL_NULL_CONVERSION = YES;
				CLANG_WARN_OBJC_IMPLICIT_RETAIN_SELF = YES;
				CLANG_WARN_OBJC_LITERAL_CONVERSION = YES;
				CLANG_WARN_OBJC_ROOT_CLASS = YES_ERROR;
				CLANG_WARN_QUOTED_INCLUDE_IN_FRAMEWORK_HEADER = YES;
				CLANG_WARN_RANGE_LOOP_ANALYSIS = YES;
				CLANG_WARN_STRICT_PROTOTYPES = YES;
				CLANG_WARN_SUSPICIOUS_MOVE = YES;
				CLANG_WARN_UNGUARDED_AVAILABILITY = YES_AGGRESSIVE;
				CLANG_WARN_UNREACHABLE_CODE = YES;
				CLANG_WARN__DUPLICATE_METHOD_MATCH = YES;
				COPY_PHASE_STRIP = NO;
				DEBUG_INFORMATION_FORMAT = dwarf;
				ENABLE_STRICT_OBJC_MSGSEND = YES;
				ENABLE_TESTABILITY = YES;
				GCC_C_LANGUAGE_STANDARD = gnu11;
				GCC_DYNAMIC_NO_PIC = NO;
				GCC_NO_COMMON_BLOCKS = YES;
				GCC_OPTIMIZATION_LEVEL = 0;
				GCC_PREPROCESSOR_DEFINITIONS = (
					"DEBUG=1",
					"$(inherited)",
				);
				GCC_WARN_64_TO_32_BIT_CONVERSION = YES;
				GCC_WARN_ABOUT_RETURN_TYPE = YES_ERROR;
				GCC_WARN_UNDECLARED_SELECTOR = YES;
				GCC_WARN_UNINITIALIZED_AUTOS = YES_AGGRESSIVE;
				GCC_WARN_UNUSED_FUNCTION = YES;
				GCC_WARN_UNUSED_VARIABLE = YES;
				IPHONEOS_DEPLOYMENT_TARGET = 14.5;
				MTL_ENABLE_DEBUG_INFO = INCLUDE_SOURCE;
				MTL_FAST_MATH = YES;
				ONLY_ACTIVE_ARCH = YES;
				SDKROOT = iphoneos;
				SWIFT_ACTIVE_COMPILATION_CONDITIONS = DEBUG;
				SWIFT_OPTIMIZATION_LEVEL = "-Onone";
			};
			name = Debug;
		};
		BF1B2FE4273454A900307A14 /* Release */ = {
			isa = XCBuildConfiguration;
			buildSettings = {
				ALWAYS_SEARCH_USER_PATHS = NO;
				CLANG_ANALYZER_NONNULL = YES;
				CLANG_ANALYZER_NUMBER_OBJECT_CONVERSION = YES_AGGRESSIVE;
				CLANG_CXX_LANGUAGE_STANDARD = "gnu++14";
				CLANG_CXX_LIBRARY = "libc++";
				CLANG_ENABLE_MODULES = YES;
				CLANG_ENABLE_OBJC_ARC = YES;
				CLANG_ENABLE_OBJC_WEAK = YES;
				CLANG_WARN_BLOCK_CAPTURE_AUTORELEASING = YES;
				CLANG_WARN_BOOL_CONVERSION = YES;
				CLANG_WARN_COMMA = YES;
				CLANG_WARN_CONSTANT_CONVERSION = YES;
				CLANG_WARN_DEPRECATED_OBJC_IMPLEMENTATIONS = YES;
				CLANG_WARN_DIRECT_OBJC_ISA_USAGE = YES_ERROR;
				CLANG_WARN_DOCUMENTATION_COMMENTS = YES;
				CLANG_WARN_EMPTY_BODY = YES;
				CLANG_WARN_ENUM_CONVERSION = YES;
				CLANG_WARN_INFINITE_RECURSION = YES;
				CLANG_WARN_INT_CONVERSION = YES;
				CLANG_WARN_NON_LITERAL_NULL_CONVERSION = YES;
				CLANG_WARN_OBJC_IMPLICIT_RETAIN_SELF = YES;
				CLANG_WARN_OBJC_LITERAL_CONVERSION = YES;
				CLANG_WARN_OBJC_ROOT_CLASS = YES_ERROR;
				CLANG_WARN_QUOTED_INCLUDE_IN_FRAMEWORK_HEADER = YES;
				CLANG_WARN_RANGE_LOOP_ANALYSIS = YES;
				CLANG_WARN_STRICT_PROTOTYPES = YES;
				CLANG_WARN_SUSPICIOUS_MOVE = YES;
				CLANG_WARN_UNGUARDED_AVAILABILITY = YES_AGGRESSIVE;
				CLANG_WARN_UNREACHABLE_CODE = YES;
				CLANG_WARN__DUPLICATE_METHOD_MATCH = YES;
				COPY_PHASE_STRIP = NO;
				DEBUG_INFORMATION_FORMAT = "dwarf-with-dsym";
				ENABLE_NS_ASSERTIONS = NO;
				ENABLE_STRICT_OBJC_MSGSEND = YES;
				GCC_C_LANGUAGE_STANDARD = gnu11;
				GCC_NO_COMMON_BLOCKS = YES;
				GCC_WARN_64_TO_32_BIT_CONVERSION = YES;
				GCC_WARN_ABOUT_RETURN_TYPE = YES_ERROR;
				GCC_WARN_UNDECLARED_SELECTOR = YES;
				GCC_WARN_UNINITIALIZED_AUTOS = YES_AGGRESSIVE;
				GCC_WARN_UNUSED_FUNCTION = YES;
				GCC_WARN_UNUSED_VARIABLE = YES;
				IPHONEOS_DEPLOYMENT_TARGET = 14.5;
				MTL_ENABLE_DEBUG_INFO = NO;
				MTL_FAST_MATH = YES;
				SDKROOT = iphoneos;
				SWIFT_COMPILATION_MODE = wholemodule;
				SWIFT_OPTIMIZATION_LEVEL = "-O";
				VALIDATE_PRODUCT = YES;
			};
			name = Release;
		};
		BF1B2FE6273454A900307A14 /* Debug */ = {
			isa = XCBuildConfiguration;
			baseConfigurationReference = B9F93B0A346415FE081488DA /* Pods-VKNewsFeed.debug.xcconfig */;
			buildSettings = {
				ASSETCATALOG_COMPILER_APPICON_NAME = AppIcon;
				ASSETCATALOG_COMPILER_GLOBAL_ACCENT_COLOR_NAME = AccentColor;
				CODE_SIGN_STYLE = Automatic;
				INFOPLIST_FILE = VKNewsFeed/Info.plist;
				LD_RUNPATH_SEARCH_PATHS = (
					"$(inherited)",
					"@executable_path/Frameworks",
				);
				PRODUCT_BUNDLE_IDENTIFIER = ru.DrankinaElena.VKNewsFeed;
				PRODUCT_NAME = "$(TARGET_NAME)";
				SWIFT_VERSION = 5.0;
				TARGETED_DEVICE_FAMILY = 1;
			};
			name = Debug;
		};
		BF1B2FE7273454A900307A14 /* Release */ = {
			isa = XCBuildConfiguration;
			baseConfigurationReference = 44EDF9ACA43EBC58AE683A76 /* Pods-VKNewsFeed.release.xcconfig */;
			buildSettings = {
				ASSETCATALOG_COMPILER_APPICON_NAME = AppIcon;
				ASSETCATALOG_COMPILER_GLOBAL_ACCENT_COLOR_NAME = AccentColor;
				CODE_SIGN_STYLE = Automatic;
				INFOPLIST_FILE = VKNewsFeed/Info.plist;
				LD_RUNPATH_SEARCH_PATHS = (
					"$(inherited)",
					"@executable_path/Frameworks",
				);
				PRODUCT_BUNDLE_IDENTIFIER = ru.DrankinaElena.VKNewsFeed;
				PRODUCT_NAME = "$(TARGET_NAME)";
				SWIFT_VERSION = 5.0;
				TARGETED_DEVICE_FAMILY = 1;
			};
			name = Release;
		};
/* End XCBuildConfiguration section */

/* Begin XCConfigurationList section */
		BF1B2FCC273454A800307A14 /* Build configuration list for PBXProject "VKNewsFeed" */ = {
			isa = XCConfigurationList;
			buildConfigurations = (
				BF1B2FE3273454A900307A14 /* Debug */,
				BF1B2FE4273454A900307A14 /* Release */,
			);
			defaultConfigurationIsVisible = 0;
			defaultConfigurationName = Release;
		};
		BF1B2FE5273454A900307A14 /* Build configuration list for PBXNativeTarget "VKNewsFeed" */ = {
			isa = XCConfigurationList;
			buildConfigurations = (
				BF1B2FE6273454A900307A14 /* Debug */,
				BF1B2FE7273454A900307A14 /* Release */,
			);
			defaultConfigurationIsVisible = 0;
			defaultConfigurationName = Release;
		};
/* End XCConfigurationList section */
	};
	rootObject = BF1B2FC9273454A800307A14 /* Project object */;
}
